
Microsoft Visual Studio Solution File, Format Version 12.00
# Visual Studio 2013
VisualStudioVersion = 12.0.21005.1
MinimumVisualStudioVersion = 10.0.40219.1
Project("{FAE04EC0-301F-11D3-BF4B-00C04F79EFBC}") = "nQueens", "nQueensPractical\nQueens.csproj", "{80DB90B2-E7BB-48F1-BB96-4E88453D5071}"
EndProject
Project("{FAE04EC0-301F-11D3-BF4B-00C04F79EFBC}") = "nQueensTestProject", "nQueensTestProject\nQueensTestProject.csproj", "{16487752-766E-46DC-B43C-1F0FE5ED5102}"
EndProject
Global
	GlobalSection(SolutionConfigurationPlatforms) = preSolution
		Debug|Any CPU = Debug|Any CPU
		Release|Any CPU = Release|Any CPU
	EndGlobalSection
	GlobalSection(ProjectConfigurationPlatforms) = postSolution
		{80DB90B2-E7BB-48F1-BB96-4E88453D5071}.Debug|Any CPU.ActiveCfg = Debug|Any CPU
		{80DB90B2-E7BB-48F1-BB96-4E88453D5071}.Debug|Any CPU.Build.0 = Debug|Any CPU
		{80DB90B2-E7BB-48F1-BB96-4E88453D5071}.Release|Any CPU.ActiveCfg = Release|Any CPU
		{80DB90B2-E7BB-48F1-BB96-4E88453D5071}.Release|Any CPU.Build.0 = Release|Any CPU
		{16487752-766E-46DC-B43C-1F0FE5ED5102}.Debug|Any CPU.ActiveCfg = Debug|Any CPU
		{16487752-766E-46DC-B43C-1F0FE5ED5102}.Debug|Any CPU.Build.0 = Debug|Any CPU
		{16487752-766E-46DC-B43C-1F0FE5ED5102}.Release|Any CPU.ActiveCfg = Release|Any CPU
		{16487752-766E-46DC-B43C-1F0FE5ED5102}.Release|Any CPU.Build.0 = Release|Any CPU
	EndGlobalSection
	GlobalSection(SolutionProperties) = preSolution
		HideSolutionNode = FALSE
	EndGlobalSection
EndGlobal
