
Microsoft Visual Studio Solution File, Format Version 12.00
# Visual Studio 2013
VisualStudioVersion = 12.0.40629.0
MinimumVisualStudioVersion = 10.0.40219.1
Project("{FAE04EC0-301F-11D3-BF4B-00C04F79EFBC}") = "TowersOfHanoi", "TowersOfHanoi\TowersOfHanoi.csproj", "{7811EF7A-13BB-4EAC-A85C-2E1A43F61D57}"
EndProject
Global
	GlobalSection(SolutionConfigurationPlatforms) = preSolution
		Debug|Any CPU = Debug|Any CPU
		Release|Any CPU = Release|Any CPU
	EndGlobalSection
	GlobalSection(ProjectConfigurationPlatforms) = postSolution
		{7811EF7A-13BB-4EAC-A85C-2E1A43F61D57}.Debug|Any CPU.ActiveCfg = Debug|Any CPU
		{7811EF7A-13BB-4EAC-A85C-2E1A43F61D57}.Debug|Any CPU.Build.0 = Debug|Any CPU
		{7811EF7A-13BB-4EAC-A85C-2E1A43F61D57}.Release|Any CPU.ActiveCfg = Release|Any CPU
		{7811EF7A-13BB-4EAC-A85C-2E1A43F61D57}.Release|Any CPU.Build.0 = Release|Any CPU
	EndGlobalSection
	GlobalSection(SolutionProperties) = preSolution
		HideSolutionNode = FALSE
	EndGlobalSection
EndGlobal
