
Microsoft Visual Studio Solution File, Format Version 12.00
# Visual Studio 2013
VisualStudioVersion = 12.0.21005.1
MinimumVisualStudioVersion = 10.0.40219.1
Project("{FAE04EC0-301F-11D3-BF4B-00C04F79EFBC}") = "Quicksort", "Quicksort\Quicksort.csproj", "{A72E7E9E-D114-496D-88DB-8B59E39CD7CD}"
EndProject
Project("{FAE04EC0-301F-11D3-BF4B-00C04F79EFBC}") = "UnitTestProject1", "UnitTestProject1\UnitTestProject1.csproj", "{69B9C777-32B9-464D-BEC9-C5639E1E95F0}"
EndProject
Global
	GlobalSection(SolutionConfigurationPlatforms) = preSolution
		Debug|Any CPU = Debug|Any CPU
		Release|Any CPU = Release|Any CPU
	EndGlobalSection
	GlobalSection(ProjectConfigurationPlatforms) = postSolution
		{A72E7E9E-D114-496D-88DB-8B59E39CD7CD}.Debug|Any CPU.ActiveCfg = Debug|Any CPU
		{A72E7E9E-D114-496D-88DB-8B59E39CD7CD}.Debug|Any CPU.Build.0 = Debug|Any CPU
		{A72E7E9E-D114-496D-88DB-8B59E39CD7CD}.Release|Any CPU.ActiveCfg = Release|Any CPU
		{A72E7E9E-D114-496D-88DB-8B59E39CD7CD}.Release|Any CPU.Build.0 = Release|Any CPU
		{69B9C777-32B9-464D-BEC9-C5639E1E95F0}.Debug|Any CPU.ActiveCfg = Debug|Any CPU
		{69B9C777-32B9-464D-BEC9-C5639E1E95F0}.Debug|Any CPU.Build.0 = Debug|Any CPU
		{69B9C777-32B9-464D-BEC9-C5639E1E95F0}.Release|Any CPU.ActiveCfg = Release|Any CPU
		{69B9C777-32B9-464D-BEC9-C5639E1E95F0}.Release|Any CPU.Build.0 = Release|Any CPU
	EndGlobalSection
	GlobalSection(SolutionProperties) = preSolution
		HideSolutionNode = FALSE
	EndGlobalSection
EndGlobal
