
Microsoft Visual Studio Solution File, Format Version 12.00
# Visual Studio 2013
VisualStudioVersion = 12.0.40629.0
MinimumVisualStudioVersion = 10.0.40219.1
Project("{FAE04EC0-301F-11D3-BF4B-00C04F79EFBC}") = "IN711 ADT Graph 2016", "IN711 ADT Graph 2016\IN711 ADT Graph 2016.csproj", "{70720BCF-D862-4E3D-B4A8-807604A1EF06}"
EndProject
Global
	GlobalSection(SolutionConfigurationPlatforms) = preSolution
		Debug|Any CPU = Debug|Any CPU
		Release|Any CPU = Release|Any CPU
	EndGlobalSection
	GlobalSection(ProjectConfigurationPlatforms) = postSolution
		{70720BCF-D862-4E3D-B4A8-807604A1EF06}.Debug|Any CPU.ActiveCfg = Debug|Any CPU
		{70720BCF-D862-4E3D-B4A8-807604A1EF06}.Debug|Any CPU.Build.0 = Debug|Any CPU
		{70720BCF-D862-4E3D-B4A8-807604A1EF06}.Release|Any CPU.ActiveCfg = Release|Any CPU
		{70720BCF-D862-4E3D-B4A8-807604A1EF06}.Release|Any CPU.Build.0 = Release|Any CPU
	EndGlobalSection
	GlobalSection(SolutionProperties) = preSolution
		HideSolutionNode = FALSE
	EndGlobalSection
EndGlobal
