
Microsoft Visual Studio Solution File, Format Version 12.00
# Visual Studio 2013
VisualStudioVersion = 12.0.21005.1
MinimumVisualStudioVersion = 10.0.40219.1
Project("{FAE04EC0-301F-11D3-BF4B-00C04F79EFBC}") = "IntermediateRecursion", "IntermediateRecursion\IntermediateRecursion.csproj", "{EC76E486-C7B6-4FD1-97D1-36C06C20A42B}"
EndProject
Project("{FAE04EC0-301F-11D3-BF4B-00C04F79EFBC}") = "UnitTestProject1", "UnitTestProject1\UnitTestProject1.csproj", "{55299317-3B6A-407C-8722-258463303C83}"
EndProject
Global
	GlobalSection(SolutionConfigurationPlatforms) = preSolution
		Debug|Any CPU = Debug|Any CPU
		Release|Any CPU = Release|Any CPU
	EndGlobalSection
	GlobalSection(ProjectConfigurationPlatforms) = postSolution
		{EC76E486-C7B6-4FD1-97D1-36C06C20A42B}.Debug|Any CPU.ActiveCfg = Debug|Any CPU
		{EC76E486-C7B6-4FD1-97D1-36C06C20A42B}.Debug|Any CPU.Build.0 = Debug|Any CPU
		{EC76E486-C7B6-4FD1-97D1-36C06C20A42B}.Release|Any CPU.ActiveCfg = Release|Any CPU
		{EC76E486-C7B6-4FD1-97D1-36C06C20A42B}.Release|Any CPU.Build.0 = Release|Any CPU
		{55299317-3B6A-407C-8722-258463303C83}.Debug|Any CPU.ActiveCfg = Debug|Any CPU
		{55299317-3B6A-407C-8722-258463303C83}.Debug|Any CPU.Build.0 = Debug|Any CPU
		{55299317-3B6A-407C-8722-258463303C83}.Release|Any CPU.ActiveCfg = Release|Any CPU
		{55299317-3B6A-407C-8722-258463303C83}.Release|Any CPU.Build.0 = Release|Any CPU
	EndGlobalSection
	GlobalSection(SolutionProperties) = preSolution
		HideSolutionNode = FALSE
	EndGlobalSection
EndGlobal
